<?xml version="1.0" encoding="utf-8"?>
<Project ToolsVersion="4.0" xmlns="http://schemas.microsoft.com/developer/msbuild/2003">
  <ItemGroup>
    <Filter Include="Source Files">
      <UniqueIdentifier>{4FC737F1-C7A5-4376-A066-2A32D752A2FF}</UniqueIdentifier>
      <Extensions>cpp;c;cc;cxx;def;odl;idl;hpj;bat;asm;asmx</Extensions>
    </Filter>
    <Filter Include="Header Files">
      <UniqueIdentifier>{93995380-89BD-4b04-88EB-625FBE52EBFB}</UniqueIdentifier>
      <Extensions>h;hh;hpp;hxx;hm;inl;inc;ipp;xsd</Extensions>
    </Filter>
    <Filter Include="Resource Files">
      <UniqueIdentifier>{67DA6AB6-F800-4c08-8B7A-83BB121AAD01}</UniqueIdentifier>
      <Extensions>rc;ico;cur;bmp;dlg;rc2;rct;bin;rgs;gif;jpg;jpeg;jpe;resx;tiff;tif;png;wav;mfcribbon-ms</Extensions>
    </Filter>
    <Filter Include="Header Files\base">
      <UniqueIdentifier>{fe5fc331-9102-44f3-85a0-a9b3993d6a86}</UniqueIdentifier>
    </Filter>
    <Filter Include="Header Files\eqstd">
      <UniqueIdentifier>{07e78fd2-2adc-450b-8432-d639c46d1e04}</UniqueIdentifier>
    </Filter>
  </ItemGroup>
  <ItemGroup>
    <ClInclude Include="pch.h">
      <Filter>Header Files</Filter>
    </ClInclude>
    <ClInclude Include="Allocator.h">
      <Filter>Header Files</Filter>
    </ClInclude>
    <ClInclude Include="Common.h">
      <Filter>Header Files</Filter>
    </ClInclude>
    <ClInclude Include="Containers.h">
      <Filter>Header Files</Filter>
    </ClInclude>
    <ClInclude Include="CXStr.h">
      <Filter>Header Files</Filter>
    </ClInclude>
    <ClInclude Include="CXWnd.h">
      <Filter>Header Files</Filter>
    </ClInclude>
    <ClInclude Include="EQClasses.h">
      <Filter>Header Files</Filter>
    </ClInclude>
    <ClInclude Include="EQData.h">
      <Filter>Header Files</Filter>
    </ClInclude>
    <ClInclude Include="eqgame.h">
      <Filter>Header Files</Filter>
    </ClInclude>
    <ClInclude Include="EQLib.h">
      <Filter>Header Files</Filter>
    </ClInclude>
    <ClInclude Include="EQUIStructs.h">
      <Filter>Header Files</Filter>
    </ClInclude>
    <ClInclude Include="Globals.h">
      <Filter>Header Files</Filter>
    </ClInclude>
    <ClInclude Include="Items.h">
      <Filter>Header Files</Filter>
    </ClInclude>
    <ClInclude Include="Mutex.h">
      <Filter>Header Files</Filter>
    </ClInclude>
    <ClInclude Include="PcClient.h">
      <Filter>Header Files</Filter>
    </ClInclude>
    <ClInclude Include="PlayerClient.h">
      <Filter>Header Files</Filter>
    </ClInclude>
    <ClInclude Include="ForwardDecls.h">
      <Filter>Header Files</Filter>
    </ClInclude>
    <ClInclude Include="OffsetUtils.h">
      <Filter>Header Files</Filter>
    </ClInclude>
    <ClInclude Include="LoginFrontend.h">
      <Filter>Header Files</Filter>
    </ClInclude>
    <ClInclude Include="GraphicsEngine.h">
      <Filter>Header Files</Filter>
    </ClInclude>
    <ClInclude Include="KeyCombo.h">
      <Filter>Header Files</Filter>
    </ClInclude>
    <ClInclude Include="SerializeBuffer.h">
      <Filter>Header Files</Filter>
    </ClInclude>
    <ClInclude Include="Constants.h">
      <Filter>Header Files</Filter>
    </ClInclude>
    <ClInclude Include="eqgraphics.h">
      <Filter>Header Files</Filter>
    </ClInclude>
    <ClInclude Include="eqmain.h">
      <Filter>Header Files</Filter>
    </ClInclude>
    <ClInclude Include="EverQuest.h">
      <Filter>Header Files</Filter>
    </ClInclude>
    <ClInclude Include="ItemLinks.h">
      <Filter>Header Files</Filter>
    </ClInclude>
    <ClInclude Include="base\Color.h">
      <Filter>Header Files\base</Filter>
    </ClInclude>
    <ClInclude Include="resource.h">
      <Filter>Header Files</Filter>
    </ClInclude>
    <ClInclude Include="SoeUtil.h">
      <Filter>Header Files</Filter>
    </ClInclude>
    <ClInclude Include="Spells.h">
      <Filter>Header Files</Filter>
    </ClInclude>
    <ClInclude Include="UI.h">
      <Filter>Header Files</Filter>
    </ClInclude>
    <ClInclude Include="UIHelpers.h">
      <Filter>Header Files</Filter>
    </ClInclude>
    <ClInclude Include="UITemplates.h">
      <Filter>Header Files</Filter>
    </ClInclude>
    <ClInclude Include="UITextures.h">
      <Filter>Header Files</Filter>
    </ClInclude>
    <ClInclude Include="XMLData.h">
      <Filter>Header Files</Filter>
    </ClInclude>
    <ClInclude Include="PcProfile.h">
      <Filter>Header Files</Filter>
    </ClInclude>
    <ClInclude Include="WindowOverride.h">
      <Filter>Header Files</Filter>
    </ClInclude>
    <ClInclude Include="Achievements.h">
      <Filter>Header Files</Filter>
    </ClInclude>
    <ClInclude Include="AltAbilities.h">
      <Filter>Header Files</Filter>
    </ClInclude>
    <ClInclude Include="Requirements.h">
      <Filter>Header Files</Filter>
    </ClInclude>
    <ClInclude Include="RealEstate.h">
      <Filter>Header Files</Filter>
    </ClInclude>
    <ClInclude Include="eqstd\map.h">
      <Filter>Header Files\eqstd</Filter>
    </ClInclude>
    <ClInclude Include="eqstd\xtree.h">
      <Filter>Header Files\eqstd</Filter>
    </ClInclude>
    <ClInclude Include="eqstd\xmemory.h">
      <Filter>Header Files\eqstd</Filter>
    </ClInclude>
    <ClInclude Include="Expansions.h">
      <Filter>Header Files</Filter>
    </ClInclude>
    <ClInclude Include="Logging.h">
      <Filter>Header Files</Filter>
    </ClInclude>
    <ClInclude Include="BuildType.h">
      <Filter>Header Files</Filter>
    </ClInclude>
    <ClInclude Include="eqstd\memory.h">
      <Filter>Header Files\eqstd</Filter>
    </ClInclude>
    <ClInclude Include="eqstd\type_traits.h">
      <Filter>Header Files\eqstd</Filter>
    </ClInclude>
    <ClInclude Include="EQDX9.h">
      <Filter>Header Files</Filter>
    </ClInclude>
    <ClInclude Include="GraphicsResources.h">
      <Filter>Header Files</Filter>
    </ClInclude>
    <ClInclude Include="base\Primitives.h">
      <Filter>Header Files\base</Filter>
    </ClInclude>
    <ClInclude Include="Config.h">
      <Filter>Header Files</Filter>
    </ClInclude>
    <ClInclude Include="ChatFilters.h">
      <Filter>Header Files</Filter>
    </ClInclude>
  </ItemGroup>
  <ItemGroup>
    <ClCompile Include="CXStr.cpp">
      <Filter>Source Files</Filter>
    </ClCompile>
    <ClCompile Include="CXWnd.cpp">
      <Filter>Source Files</Filter>
    </ClCompile>
    <ClCompile Include="EQClasses.cpp">
      <Filter>Source Files</Filter>
    </ClCompile>
    <ClCompile Include="EQLib.cpp">
      <Filter>Source Files</Filter>
    </ClCompile>
    <ClCompile Include="Globals.cpp">
      <Filter>Source Files</Filter>
    </ClCompile>
    <ClCompile Include="Items.cpp">
      <Filter>Source Files</Filter>
    </ClCompile>
    <ClCompile Include="ExceptionsDisabled.cpp">
      <Filter>Source Files</Filter>
    </ClCompile>
    <ClCompile Include="GraphicsEngine.cpp">
      <Filter>Source Files</Filter>
    </ClCompile>
    <ClCompile Include="EverQuest.cpp">
      <Filter>Source Files</Filter>
    </ClCompile>
    <ClCompile Include="ItemLinks.cpp">
      <Filter>Source Files</Filter>
    </ClCompile>
    <ClCompile Include="PcClient.cpp">
      <Filter>Source Files</Filter>
    </ClCompile>
    <ClCompile Include="pch.cpp">
      <Filter>Source Files</Filter>
    </ClCompile>
    <ClCompile Include="PlayerClient.cpp">
      <Filter>Source Files</Filter>
    </ClCompile>
    <ClCompile Include="Spells.cpp">
      <Filter>Source Files</Filter>
    </ClCompile>
    <ClCompile Include="UI.cpp">
      <Filter>Source Files</Filter>
    </ClCompile>
    <ClCompile Include="UITemplates.cpp">
      <Filter>Source Files</Filter>
    </ClCompile>
    <ClCompile Include="XMLData.cpp">
      <Filter>Source Files</Filter>
    </ClCompile>
    <ClCompile Include="UITextures.cpp">
      <Filter>Source Files</Filter>
    </ClCompile>
    <ClCompile Include="PcProfile.cpp">
      <Filter>Source Files</Filter>
    </ClCompile>
    <ClCompile Include="FunctionDefs.cpp">
      <Filter>Source Files</Filter>
    </ClCompile>
  </ItemGroup>
  <ItemGroup>
    <ResourceCompile Include="eqlib.rc">
      <Filter>Resource Files</Filter>
    </ResourceCompile>
  </ItemGroup>
  <ItemGroup>
    <NASM Include="AssemblyFunctions64.asm">
      <Filter>Source Files</Filter>
    </NASM>
    <NASM Include="AssemblyFunctions.asm">
      <Filter>Source Files</Filter>
    </NASM>
  </ItemGroup>
  <ItemGroup>
    <Natvis Include="EQLib.natvis">
      <Filter>Source Files</Filter>
    </Natvis>
  </ItemGroup>
</Project>